# THIS IS AN AUTOGENERATED FILE. DO NOT EDIT THIS FILE DIRECTLY.
# yarn lockfile v1


lodash.isplainobject@^4.0.6:
  version "4.0.6"
  resolved "https://registry.yarnpkg.com/lodash.isplainobject/-/lodash.isplainobject-4.0.6.tgz#7c526a52d89b45c45cc690b88163be0497f550cb"
  integrity sha1-fFJqUtibRcRcxpC4gWO+BJf1UMs=

redux-mock-store@^1.5.4:
  version "1.5.4"
  resolved "https://registry.yarnpkg.com/redux-mock-store/-/redux-mock-store-1.5.4.tgz#90d02495fd918ddbaa96b83aef626287c9ab5872"
  integrity sha512-xmcA0O/tjCLXhh9Fuiq6pMrJCwFRaouA8436zcikdIpYWWCjU76CRk+i2bHx8EeiSiMGnB85/lZdU3wIJVXHTA==
  dependencies:
    lodash.isplainobject "^4.0.6"
